<?xml version="1.0" encoding="utf-8"?>
<Project ToolsVersion="4.0" xmlns="http://schemas.microsoft.com/developer/msbuild/2003">
  <ItemGroup>
    <Filter Include="源文件">
      <UniqueIdentifier>{4FC737F1-C7A5-4376-A066-2A32D752A2FF}</UniqueIdentifier>
      <Extensions>cpp;c;cc;cxx;c++;cppm;ixx;def;odl;idl;hpj;bat;asm;asmx</Extensions>
    </Filter>
    <Filter Include="头文件">
      <UniqueIdentifier>{93995380-89BD-4b04-88EB-625FBE52EBFB}</UniqueIdentifier>
      <Extensions>h;hh;hpp;hxx;h++;hm;inl;inc;ipp;xsd</Extensions>
    </Filter>
    <Filter Include="资源文件">
      <UniqueIdentifier>{67DA6AB6-F800-4c08-8B7A-83BB121AAD01}</UniqueIdentifier>
      <Extensions>rc;ico;cur;bmp;dlg;rc2;rct;bin;rgs;gif;jpg;jpeg;jpe;resx;tiff;tif;png;wav;mfcribbon-ms</Extensions>
    </Filter>
  </ItemGroup>
  <ItemGroup>
    <ClInclude Include="BMPlatform.h">
      <Filter>头文件</Filter>
    </ClInclude>
    <ClInclude Include="common.h">
      <Filter>头文件</Filter>
    </ClInclude>
    <ClInclude Include="spd_cmd.h">
      <Filter>头文件</Filter>
    </ClInclude>
    <ClInclude Include="Wrapper.h">
      <Filter>头文件</Filter>
    </ClInclude>
    <ClInclude Include="resource.h">
      <Filter>头文件</Filter>
    </ClInclude>
    <ClInclude Include="GtkWidgetHelper.hpp">
      <Filter>头文件</Filter>
    </ClInclude>
    <ClInclude Include="GenTosNoAvb.h">
      <Filter>头文件</Filter>
    </ClInclude>
    <ClInclude Include="ui/ui_common.h">
      <Filter>头文件</Filter>
    </ClInclude>
    <ClInclude Include="core\file_io.h">
      <Filter>头文件</Filter>
    </ClInclude>
    <ClInclude Include="core\logging.h">
      <Filter>头文件</Filter>
    </ClInclude>
    <ClInclude Include="core\pac_extract.h">
      <Filter>头文件</Filter>
    </ClInclude>
    <ClInclude Include="core\spd_protocol.h">
      <Filter>头文件</Filter>
    </ClInclude>
    <ClInclude Include="core\usb_transport.h">
      <Filter>头文件</Filter>
    </ClInclude>
    <ClInclude Include="pages\page_about.h">
      <Filter>头文件</Filter>
    </ClInclude>
    <ClInclude Include="pages\page_advanced_op.h">
      <Filter>头文件</Filter>
    </ClInclude>
    <ClInclude Include="pages\page_advanced_set.h">
      <Filter>头文件</Filter>
    </ClInclude>
    <ClInclude Include="pages\page_connect.h">
      <Filter>头文件</Filter>
    </ClInclude>
    <ClInclude Include="pages\page_debug.h">
      <Filter>头文件</Filter>
    </ClInclude>
    <ClInclude Include="pages\page_log.h">
      <Filter>头文件</Filter>
    </ClInclude>
    <ClInclude Include="pages\page_manual.h">
      <Filter>头文件</Filter>
    </ClInclude>
    <ClInclude Include="pages\page_pac_flash.h">
      <Filter>头文件</Filter>
    </ClInclude>
    <ClInclude Include="pages\page_partition.h">
      <Filter>头文件</Filter>
    </ClInclude>
  </ItemGroup>
  <ItemGroup>
    <ClCompile Include="common.cpp">
      <Filter>源文件</Filter>
    </ClCompile>
    <ClCompile Include="main.cpp">
      <Filter>源文件</Filter>
    </ClCompile>
    <ClCompile Include="Wrapper.cpp">
      <Filter>源文件</Filter>
    </ClCompile>
    <ClCompile Include="BMPlatform.cpp">
      <Filter>源文件</Filter>
    </ClCompile>
    <ClCompile Include="ui\GtkWidgetHelper.cpp">
      <Filter>源文件</Filter>
    </ClCompile>
    <ClCompile Include="main_console.cpp">
      <Filter>源文件</Filter>
    </ClCompile>
    <ClCompile Include="ui\ui_common.cpp">
      <Filter>源文件</Filter>
    </ClCompile>
    <ClCompile Include="core\logging.cpp">
      <Filter>源文件</Filter>
    </ClCompile>
    <ClCompile Include="core\file_io.cpp">
      <Filter>源文件</Filter>
    </ClCompile>
    <ClCompile Include="core\pac_extract.cpp">
      <Filter>源文件</Filter>
    </ClCompile>
    <ClCompile Include="core\usb_transport.cpp">
      <Filter>源文件</Filter>
    </ClCompile>
    <ClCompile Include="core\spd_protocol.cpp">
      <Filter>源文件</Filter>
    </ClCompile>
    <ClCompile Include="pages\page_about.cpp">
      <Filter>源文件</Filter>
    </ClCompile>
    <ClCompile Include="pages\page_advanced_op.cpp">
      <Filter>源文件</Filter>
    </ClCompile>
    <ClCompile Include="pages\page_advanced_set.cpp">
      <Filter>源文件</Filter>
    </ClCompile>
    <ClCompile Include="pages\page_connect.cpp">
      <Filter>源文件</Filter>
    </ClCompile>
    <ClCompile Include="pages\page_debug.cpp">
      <Filter>源文件</Filter>
    </ClCompile>
    <ClCompile Include="pages\page_log.cpp">
      <Filter>源文件</Filter>
    </ClCompile>
    <ClCompile Include="pages\page_manual.cpp">
      <Filter>源文件</Filter>
    </ClCompile>
    <ClCompile Include="pages\page_pac_flash.cpp">
      <Filter>源文件</Filter>
    </ClCompile>
    <ClCompile Include="pages\page_partition.cpp">
      <Filter>源文件</Filter>
    </ClCompile>
  </ItemGroup>
  <ItemGroup>
    <ResourceCompile Include="app.rc">
      <Filter>资源文件</Filter>
    </ResourceCompile>
  </ItemGroup>
  <ItemGroup>
    <Image Include="icon.ico">
      <Filter>资源文件</Filter>
    </Image>
  </ItemGroup>
</Project>